<?xml version="1.0" encoding="utf-8"?>
<Project ToolsVersion="17.0" xmlns="http://schemas.microsoft.com/developer/msbuild/2003">
  <ItemGroup>
    <CustomBuild Include="C:\Users\jakes\OneDrive\Desktop\RedoGames\year1_game\flappy_bird\CMakeFiles\b2730ed401daf30c108ee03b82a22184\PACKAGE_force.rule">
      <Filter>CMake Rules</Filter>
    </CustomBuild>
  </ItemGroup>
  <ItemGroup>
    <Filter Include="CMake Rules">
      <UniqueIdentifier>{EB8A7E59-1BE0-3806-8ADD-E17851D6F6B7}</UniqueIdentifier>
    </Filter>
  </ItemGroup>
</Project>
