<?xml version="1.0" encoding="utf-8"?>
<Project ToolsVersion="17.0" xmlns="http://schemas.microsoft.com/developer/msbuild/2003">
  <ItemGroup>
    <CustomBuild Include="C:\Users\jakes\OneDrive\Desktop\RedoGames\year1_game\pong_build\CMakeFiles\b1b8bac99faa5d16655450472558ab59\INSTALL_force.rule">
      <Filter>CMake Rules</Filter>
    </CustomBuild>
  </ItemGroup>
  <ItemGroup>
    <Filter Include="CMake Rules">
      <UniqueIdentifier>{8263E52A-34F4-31ED-BBB4-0109E95704DA}</UniqueIdentifier>
    </Filter>
  </ItemGroup>
</Project>
