<?xml version="1.0" encoding="utf-8"?>
<Project ToolsVersion="17.0" xmlns="http://schemas.microsoft.com/developer/msbuild/2003">
  <ItemGroup>
    <ClCompile Include="C:\Users\jakes\OneDrive\Desktop\RedoGames\year1_game\flappy_bird\AssetManager.cpp">
      <Filter>Source Files</Filter>
    </ClCompile>
    <ClCompile Include="C:\Users\jakes\OneDrive\Desktop\RedoGames\year1_game\flappy_bird\Bird.cpp">
      <Filter>Source Files</Filter>
    </ClCompile>
    <ClCompile Include="C:\Users\jakes\OneDrive\Desktop\RedoGames\year1_game\flappy_bird\Collision.cpp">
      <Filter>Source Files</Filter>
    </ClCompile>
    <ClCompile Include="C:\Users\jakes\OneDrive\Desktop\RedoGames\year1_game\flappy_bird\Flash.cpp">
      <Filter>Source Files</Filter>
    </ClCompile>
    <ClCompile Include="C:\Users\jakes\OneDrive\Desktop\RedoGames\year1_game\flappy_bird\Game.cpp">
      <Filter>Source Files</Filter>
    </ClCompile>
    <ClCompile Include="C:\Users\jakes\OneDrive\Desktop\RedoGames\year1_game\flappy_bird\GameOverState.cpp">
      <Filter>Source Files</Filter>
    </ClCompile>
    <ClCompile Include="C:\Users\jakes\OneDrive\Desktop\RedoGames\year1_game\flappy_bird\GameState.cpp">
      <Filter>Source Files</Filter>
    </ClCompile>
    <ClCompile Include="C:\Users\jakes\OneDrive\Desktop\RedoGames\year1_game\flappy_bird\HUD.cpp">
      <Filter>Source Files</Filter>
    </ClCompile>
    <ClCompile Include="C:\Users\jakes\OneDrive\Desktop\RedoGames\year1_game\flappy_bird\InputManager.cpp">
      <Filter>Source Files</Filter>
    </ClCompile>
    <ClCompile Include="C:\Users\jakes\OneDrive\Desktop\RedoGames\year1_game\flappy_bird\Land.cpp">
      <Filter>Source Files</Filter>
    </ClCompile>
    <ClCompile Include="Main.cpp">
      <Filter>Source Files</Filter>
    </ClCompile>
    <ClCompile Include="C:\Users\jakes\OneDrive\Desktop\RedoGames\year1_game\flappy_bird\MainMenuState.cpp">
      <Filter>Source Files</Filter>
    </ClCompile>
    <ClCompile Include="C:\Users\jakes\OneDrive\Desktop\RedoGames\year1_game\flappy_bird\Pipe.cpp">
      <Filter>Source Files</Filter>
    </ClCompile>
    <ClCompile Include="C:\Users\jakes\OneDrive\Desktop\RedoGames\year1_game\flappy_bird\SplashState.cpp">
      <Filter>Source Files</Filter>
    </ClCompile>
    <ClCompile Include="C:\Users\jakes\OneDrive\Desktop\RedoGames\year1_game\flappy_bird\State.cpp">
      <Filter>Source Files</Filter>
    </ClCompile>
    <ClCompile Include="C:\Users\jakes\OneDrive\Desktop\RedoGames\year1_game\flappy_bird\StateMachine.cpp">
      <Filter>Source Files</Filter>
    </ClCompile>
  </ItemGroup>
  <ItemGroup>
    <CustomBuild Include="C:\Users\jakes\OneDrive\Desktop\RedoGames\year1_game\CMakeLists.txt" />
  </ItemGroup>
  <ItemGroup>
    <Filter Include="Source Files">
      <UniqueIdentifier>{986979B4-CA93-384D-A753-F2DA6A1AF00D}</UniqueIdentifier>
    </Filter>
  </ItemGroup>
</Project>