
Microsoft Visual Studio Solution File, Format Version 12.00
# Visual Studio Version 17
Project("{2150E333-8FDC-42A3-9474-1A3956D46DE8}") = "CMake", "CMake", "{91738033-EE58-3BE8-B929-0CFDAEB2FDB5}"
EndProject
Project("{2150E333-8FDC-42A3-9474-1A3956D46DE8}") = "SFML", "SFML", "{34B85CF5-9DD3-3E7A-89A8-3E1406F85192}"
EndProject
Project("{8BC9CEB8-8B4A-11D0-8D11-00A0C91BC942}") = "ALL_BUILD", "ALL_BUILD.vcxproj", "{DFB1CFA0-A378-3DBD-ABF5-6B78171AB60E}"
	ProjectSection(ProjectDependencies) = postProject
		{653A13CD-A1C7-366A-94D9-E1B2048A1AD9} = {653A13CD-A1C7-366A-94D9-E1B2048A1AD9}
		{6CE97A2E-7AD5-321E-8256-6DE5531E39FD} = {6CE97A2E-7AD5-321E-8256-6DE5531E39FD}
		{6C1DAB71-9CE1-3E36-B62B-952D9FC7CFE8} = {6C1DAB71-9CE1-3E36-B62B-952D9FC7CFE8}
		{8FF1EB58-66C3-3317-B5E2-A7C7CF32CB37} = {8FF1EB58-66C3-3317-B5E2-A7C7CF32CB37}
		{6CA03E1A-C93D-3870-864D-084206EEEB8C} = {6CA03E1A-C93D-3870-864D-084206EEEB8C}
		{6FC2950E-DB9D-347D-8B64-B623E067DC25} = {6FC2950E-DB9D-347D-8B64-B623E067DC25}
		{4710CCCD-E434-3D57-BA7E-9FC99EF87AFB} = {4710CCCD-E434-3D57-BA7E-9FC99EF87AFB}
	EndProjectSection
EndProject
Project("{8BC9CEB8-8B4A-11D0-8D11-00A0C91BC942}") = "INSTALL", "INSTALL.vcxproj", "{C08E17EA-67CB-3225-95E2-5B739D494BD8}"
	ProjectSection(ProjectDependencies) = postProject
		{DFB1CFA0-A378-3DBD-ABF5-6B78171AB60E} = {DFB1CFA0-A378-3DBD-ABF5-6B78171AB60E}
		{653A13CD-A1C7-366A-94D9-E1B2048A1AD9} = {653A13CD-A1C7-366A-94D9-E1B2048A1AD9}
	EndProjectSection
EndProject
Project("{8BC9CEB8-8B4A-11D0-8D11-00A0C91BC942}") = "PACKAGE", "PACKAGE.vcxproj", "{CBFEE69F-9A63-337C-A422-3AC3339D918B}"
	ProjectSection(ProjectDependencies) = postProject
		{DFB1CFA0-A378-3DBD-ABF5-6B78171AB60E} = {DFB1CFA0-A378-3DBD-ABF5-6B78171AB60E}
		{653A13CD-A1C7-366A-94D9-E1B2048A1AD9} = {653A13CD-A1C7-366A-94D9-E1B2048A1AD9}
	EndProjectSection
EndProject
Project("{8BC9CEB8-8B4A-11D0-8D11-00A0C91BC942}") = "ZERO_CHECK", "..\..\\ZERO_CHECK.vcxproj", "{653A13CD-A1C7-366A-94D9-E1B2048A1AD9}"
	ProjectSection(ProjectDependencies) = postProject
	EndProjectSection
EndProject
Project("{8BC9CEB8-8B4A-11D0-8D11-00A0C91BC942}") = "sfml-audio", "src\SFML\Audio\sfml-audio.vcxproj", "{6CE97A2E-7AD5-321E-8256-6DE5531E39FD}"
	ProjectSection(ProjectDependencies) = postProject
		{653A13CD-A1C7-366A-94D9-E1B2048A1AD9} = {653A13CD-A1C7-366A-94D9-E1B2048A1AD9}
		{6FC2950E-DB9D-347D-8B64-B623E067DC25} = {6FC2950E-DB9D-347D-8B64-B623E067DC25}
	EndProjectSection
EndProject
Project("{8BC9CEB8-8B4A-11D0-8D11-00A0C91BC942}") = "sfml-graphics", "src\SFML\Graphics\sfml-graphics.vcxproj", "{6C1DAB71-9CE1-3E36-B62B-952D9FC7CFE8}"
	ProjectSection(ProjectDependencies) = postProject
		{653A13CD-A1C7-366A-94D9-E1B2048A1AD9} = {653A13CD-A1C7-366A-94D9-E1B2048A1AD9}
		{6FC2950E-DB9D-347D-8B64-B623E067DC25} = {6FC2950E-DB9D-347D-8B64-B623E067DC25}
		{4710CCCD-E434-3D57-BA7E-9FC99EF87AFB} = {4710CCCD-E434-3D57-BA7E-9FC99EF87AFB}
	EndProjectSection
EndProject
Project("{8BC9CEB8-8B4A-11D0-8D11-00A0C91BC942}") = "sfml-main", "src\SFML\Main\sfml-main.vcxproj", "{8FF1EB58-66C3-3317-B5E2-A7C7CF32CB37}"
	ProjectSection(ProjectDependencies) = postProject
		{653A13CD-A1C7-366A-94D9-E1B2048A1AD9} = {653A13CD-A1C7-366A-94D9-E1B2048A1AD9}
	EndProjectSection
EndProject
Project("{8BC9CEB8-8B4A-11D0-8D11-00A0C91BC942}") = "sfml-network", "src\SFML\Network\sfml-network.vcxproj", "{6CA03E1A-C93D-3870-864D-084206EEEB8C}"
	ProjectSection(ProjectDependencies) = postProject
		{653A13CD-A1C7-366A-94D9-E1B2048A1AD9} = {653A13CD-A1C7-366A-94D9-E1B2048A1AD9}
		{6FC2950E-DB9D-347D-8B64-B623E067DC25} = {6FC2950E-DB9D-347D-8B64-B623E067DC25}
	EndProjectSection
EndProject
Project("{8BC9CEB8-8B4A-11D0-8D11-00A0C91BC942}") = "sfml-system", "src\SFML\System\sfml-system.vcxproj", "{6FC2950E-DB9D-347D-8B64-B623E067DC25}"
	ProjectSection(ProjectDependencies) = postProject
		{653A13CD-A1C7-366A-94D9-E1B2048A1AD9} = {653A13CD-A1C7-366A-94D9-E1B2048A1AD9}
	EndProjectSection
EndProject
Project("{8BC9CEB8-8B4A-11D0-8D11-00A0C91BC942}") = "sfml-window", "src\SFML\Window\sfml-window.vcxproj", "{4710CCCD-E434-3D57-BA7E-9FC99EF87AFB}"
	ProjectSection(ProjectDependencies) = postProject
		{653A13CD-A1C7-366A-94D9-E1B2048A1AD9} = {653A13CD-A1C7-366A-94D9-E1B2048A1AD9}
		{6FC2950E-DB9D-347D-8B64-B623E067DC25} = {6FC2950E-DB9D-347D-8B64-B623E067DC25}
	EndProjectSection
EndProject
Global
	GlobalSection(SolutionConfigurationPlatforms) = preSolution
		Debug|x64 = Debug|x64
		Release|x64 = Release|x64
		MinSizeRel|x64 = MinSizeRel|x64
		RelWithDebInfo|x64 = RelWithDebInfo|x64
	EndGlobalSection
	GlobalSection(ProjectConfigurationPlatforms) = postSolution
		{DFB1CFA0-A378-3DBD-ABF5-6B78171AB60E}.Debug|x64.ActiveCfg = Debug|x64
		{DFB1CFA0-A378-3DBD-ABF5-6B78171AB60E}.Debug|x64.Build.0 = Debug|x64
		{DFB1CFA0-A378-3DBD-ABF5-6B78171AB60E}.Release|x64.ActiveCfg = Release|x64
		{DFB1CFA0-A378-3DBD-ABF5-6B78171AB60E}.Release|x64.Build.0 = Release|x64
		{DFB1CFA0-A378-3DBD-ABF5-6B78171AB60E}.MinSizeRel|x64.ActiveCfg = MinSizeRel|x64
		{DFB1CFA0-A378-3DBD-ABF5-6B78171AB60E}.MinSizeRel|x64.Build.0 = MinSizeRel|x64
		{DFB1CFA0-A378-3DBD-ABF5-6B78171AB60E}.RelWithDebInfo|x64.ActiveCfg = RelWithDebInfo|x64
		{DFB1CFA0-A378-3DBD-ABF5-6B78171AB60E}.RelWithDebInfo|x64.Build.0 = RelWithDebInfo|x64
		{C08E17EA-67CB-3225-95E2-5B739D494BD8}.Debug|x64.ActiveCfg = Debug|x64
		{C08E17EA-67CB-3225-95E2-5B739D494BD8}.Release|x64.ActiveCfg = Release|x64
		{C08E17EA-67CB-3225-95E2-5B739D494BD8}.MinSizeRel|x64.ActiveCfg = MinSizeRel|x64
		{C08E17EA-67CB-3225-95E2-5B739D494BD8}.RelWithDebInfo|x64.ActiveCfg = RelWithDebInfo|x64
		{CBFEE69F-9A63-337C-A422-3AC3339D918B}.Debug|x64.ActiveCfg = Debug|x64
		{CBFEE69F-9A63-337C-A422-3AC3339D918B}.Release|x64.ActiveCfg = Release|x64
		{CBFEE69F-9A63-337C-A422-3AC3339D918B}.MinSizeRel|x64.ActiveCfg = MinSizeRel|x64
		{CBFEE69F-9A63-337C-A422-3AC3339D918B}.RelWithDebInfo|x64.ActiveCfg = RelWithDebInfo|x64
		{653A13CD-A1C7-366A-94D9-E1B2048A1AD9}.Debug|x64.ActiveCfg = Debug|x64
		{653A13CD-A1C7-366A-94D9-E1B2048A1AD9}.Debug|x64.Build.0 = Debug|x64
		{653A13CD-A1C7-366A-94D9-E1B2048A1AD9}.Release|x64.ActiveCfg = Release|x64
		{653A13CD-A1C7-366A-94D9-E1B2048A1AD9}.Release|x64.Build.0 = Release|x64
		{653A13CD-A1C7-366A-94D9-E1B2048A1AD9}.MinSizeRel|x64.ActiveCfg = MinSizeRel|x64
		{653A13CD-A1C7-366A-94D9-E1B2048A1AD9}.MinSizeRel|x64.Build.0 = MinSizeRel|x64
		{653A13CD-A1C7-366A-94D9-E1B2048A1AD9}.RelWithDebInfo|x64.ActiveCfg = RelWithDebInfo|x64
		{653A13CD-A1C7-366A-94D9-E1B2048A1AD9}.RelWithDebInfo|x64.Build.0 = RelWithDebInfo|x64
		{6CE97A2E-7AD5-321E-8256-6DE5531E39FD}.Debug|x64.ActiveCfg = Debug|x64
		{6CE97A2E-7AD5-321E-8256-6DE5531E39FD}.Debug|x64.Build.0 = Debug|x64
		{6CE97A2E-7AD5-321E-8256-6DE5531E39FD}.Release|x64.ActiveCfg = Release|x64
		{6CE97A2E-7AD5-321E-8256-6DE5531E39FD}.Release|x64.Build.0 = Release|x64
		{6CE97A2E-7AD5-321E-8256-6DE5531E39FD}.MinSizeRel|x64.ActiveCfg = MinSizeRel|x64
		{6CE97A2E-7AD5-321E-8256-6DE5531E39FD}.MinSizeRel|x64.Build.0 = MinSizeRel|x64
		{6CE97A2E-7AD5-321E-8256-6DE5531E39FD}.RelWithDebInfo|x64.ActiveCfg = RelWithDebInfo|x64
		{6CE97A2E-7AD5-321E-8256-6DE5531E39FD}.RelWithDebInfo|x64.Build.0 = RelWithDebInfo|x64
		{6C1DAB71-9CE1-3E36-B62B-952D9FC7CFE8}.Debug|x64.ActiveCfg = Debug|x64
		{6C1DAB71-9CE1-3E36-B62B-952D9FC7CFE8}.Debug|x64.Build.0 = Debug|x64
		{6C1DAB71-9CE1-3E36-B62B-952D9FC7CFE8}.Release|x64.ActiveCfg = Release|x64
		{6C1DAB71-9CE1-3E36-B62B-952D9FC7CFE8}.Release|x64.Build.0 = Release|x64
		{6C1DAB71-9CE1-3E36-B62B-952D9FC7CFE8}.MinSizeRel|x64.ActiveCfg = MinSizeRel|x64
		{6C1DAB71-9CE1-3E36-B62B-952D9FC7CFE8}.MinSizeRel|x64.Build.0 = MinSizeRel|x64
		{6C1DAB71-9CE1-3E36-B62B-952D9FC7CFE8}.RelWithDebInfo|x64.ActiveCfg = RelWithDebInfo|x64
		{6C1DAB71-9CE1-3E36-B62B-952D9FC7CFE8}.RelWithDebInfo|x64.Build.0 = RelWithDebInfo|x64
		{8FF1EB58-66C3-3317-B5E2-A7C7CF32CB37}.Debug|x64.ActiveCfg = Debug|x64
		{8FF1EB58-66C3-3317-B5E2-A7C7CF32CB37}.Debug|x64.Build.0 = Debug|x64
		{8FF1EB58-66C3-3317-B5E2-A7C7CF32CB37}.Release|x64.ActiveCfg = Release|x64
		{8FF1EB58-66C3-3317-B5E2-A7C7CF32CB37}.Release|x64.Build.0 = Release|x64
		{8FF1EB58-66C3-3317-B5E2-A7C7CF32CB37}.MinSizeRel|x64.ActiveCfg = MinSizeRel|x64
		{8FF1EB58-66C3-3317-B5E2-A7C7CF32CB37}.MinSizeRel|x64.Build.0 = MinSizeRel|x64
		{8FF1EB58-66C3-3317-B5E2-A7C7CF32CB37}.RelWithDebInfo|x64.ActiveCfg = RelWithDebInfo|x64
		{8FF1EB58-66C3-3317-B5E2-A7C7CF32CB37}.RelWithDebInfo|x64.Build.0 = RelWithDebInfo|x64
		{6CA03E1A-C93D-3870-864D-084206EEEB8C}.Debug|x64.ActiveCfg = Debug|x64
		{6CA03E1A-C93D-3870-864D-084206EEEB8C}.Debug|x64.Build.0 = Debug|x64
		{6CA03E1A-C93D-3870-864D-084206EEEB8C}.Release|x64.ActiveCfg = Release|x64
		{6CA03E1A-C93D-3870-864D-084206EEEB8C}.Release|x64.Build.0 = Release|x64
		{6CA03E1A-C93D-3870-864D-084206EEEB8C}.MinSizeRel|x64.ActiveCfg = MinSizeRel|x64
		{6CA03E1A-C93D-3870-864D-084206EEEB8C}.MinSizeRel|x64.Build.0 = MinSizeRel|x64
		{6CA03E1A-C93D-3870-864D-084206EEEB8C}.RelWithDebInfo|x64.ActiveCfg = RelWithDebInfo|x64
		{6CA03E1A-C93D-3870-864D-084206EEEB8C}.RelWithDebInfo|x64.Build.0 = RelWithDebInfo|x64
		{6FC2950E-DB9D-347D-8B64-B623E067DC25}.Debug|x64.ActiveCfg = Debug|x64
		{6FC2950E-DB9D-347D-8B64-B623E067DC25}.Debug|x64.Build.0 = Debug|x64
		{6FC2950E-DB9D-347D-8B64-B623E067DC25}.Release|x64.ActiveCfg = Release|x64
		{6FC2950E-DB9D-347D-8B64-B623E067DC25}.Release|x64.Build.0 = Release|x64
		{6FC2950E-DB9D-347D-8B64-B623E067DC25}.MinSizeRel|x64.ActiveCfg = MinSizeRel|x64
		{6FC2950E-DB9D-347D-8B64-B623E067DC25}.MinSizeRel|x64.Build.0 = MinSizeRel|x64
		{6FC2950E-DB9D-347D-8B64-B623E067DC25}.RelWithDebInfo|x64.ActiveCfg = RelWithDebInfo|x64
		{6FC2950E-DB9D-347D-8B64-B623E067DC25}.RelWithDebInfo|x64.Build.0 = RelWithDebInfo|x64
		{4710CCCD-E434-3D57-BA7E-9FC99EF87AFB}.Debug|x64.ActiveCfg = Debug|x64
		{4710CCCD-E434-3D57-BA7E-9FC99EF87AFB}.Debug|x64.Build.0 = Debug|x64
		{4710CCCD-E434-3D57-BA7E-9FC99EF87AFB}.Release|x64.ActiveCfg = Release|x64
		{4710CCCD-E434-3D57-BA7E-9FC99EF87AFB}.Release|x64.Build.0 = Release|x64
		{4710CCCD-E434-3D57-BA7E-9FC99EF87AFB}.MinSizeRel|x64.ActiveCfg = MinSizeRel|x64
		{4710CCCD-E434-3D57-BA7E-9FC99EF87AFB}.MinSizeRel|x64.Build.0 = MinSizeRel|x64
		{4710CCCD-E434-3D57-BA7E-9FC99EF87AFB}.RelWithDebInfo|x64.ActiveCfg = RelWithDebInfo|x64
		{4710CCCD-E434-3D57-BA7E-9FC99EF87AFB}.RelWithDebInfo|x64.Build.0 = RelWithDebInfo|x64
	EndGlobalSection
	GlobalSection(NestedProjects) = preSolution
		{DFB1CFA0-A378-3DBD-ABF5-6B78171AB60E} = {91738033-EE58-3BE8-B929-0CFDAEB2FDB5}
		{C08E17EA-67CB-3225-95E2-5B739D494BD8} = {91738033-EE58-3BE8-B929-0CFDAEB2FDB5}
		{CBFEE69F-9A63-337C-A422-3AC3339D918B} = {91738033-EE58-3BE8-B929-0CFDAEB2FDB5}
		{653A13CD-A1C7-366A-94D9-E1B2048A1AD9} = {91738033-EE58-3BE8-B929-0CFDAEB2FDB5}
		{6CE97A2E-7AD5-321E-8256-6DE5531E39FD} = {34B85CF5-9DD3-3E7A-89A8-3E1406F85192}
		{6C1DAB71-9CE1-3E36-B62B-952D9FC7CFE8} = {34B85CF5-9DD3-3E7A-89A8-3E1406F85192}
		{8FF1EB58-66C3-3317-B5E2-A7C7CF32CB37} = {34B85CF5-9DD3-3E7A-89A8-3E1406F85192}
		{6CA03E1A-C93D-3870-864D-084206EEEB8C} = {34B85CF5-9DD3-3E7A-89A8-3E1406F85192}
		{6FC2950E-DB9D-347D-8B64-B623E067DC25} = {34B85CF5-9DD3-3E7A-89A8-3E1406F85192}
		{4710CCCD-E434-3D57-BA7E-9FC99EF87AFB} = {34B85CF5-9DD3-3E7A-89A8-3E1406F85192}
	EndGlobalSection
	GlobalSection(ExtensibilityGlobals) = postSolution
		SolutionGuid = {0512CFD2-2A80-3B95-AF9C-64885D4EF94A}
	EndGlobalSection
	GlobalSection(ExtensibilityAddIns) = postSolution
	EndGlobalSection
EndGlobal
