<?xml version="1.0" encoding="utf-8"?>
<Project ToolsVersion="17.0" xmlns="http://schemas.microsoft.com/developer/msbuild/2003">
  <ItemGroup>
    <ClCompile Include="C:\Users\jakes\OneDrive\Desktop\RedoGames\year1_game\flappy_bird\AssetManager.cpp">
      <Filter>Source Files</Filter>
    </ClCompile>
    <ClCompile Include="C:\Users\jakes\OneDrive\Desktop\RedoGames\year1_game\flappy_bird\CMakeFiles\3.30.3\CompilerIdCXX\CMakeCXXCompilerId.cpp">
      <Filter>Source Files</Filter>
    </ClCompile>
    <ClCompile Include="C:\Users\jakes\OneDrive\Desktop\RedoGames\year1_game\flappy_bird\Game.cpp">
      <Filter>Source Files</Filter>
    </ClCompile>
    <ClCompile Include="C:\Users\jakes\OneDrive\Desktop\RedoGames\year1_game\flappy_bird\InputManager.cpp">
      <Filter>Source Files</Filter>
    </ClCompile>
    <ClCompile Include="C:\Users\jakes\OneDrive\Desktop\RedoGames\year1_game\flappy_bird\Main.cpp">
      <Filter>Source Files</Filter>
    </ClCompile>
    <ClCompile Include="C:\Users\jakes\OneDrive\Desktop\RedoGames\year1_game\flappy_bird\State.cpp">
      <Filter>Source Files</Filter>
    </ClCompile>
    <ClCompile Include="C:\Users\jakes\OneDrive\Desktop\RedoGames\year1_game\flappy_bird\StateMachine.cpp">
      <Filter>Source Files</Filter>
    </ClCompile>
  </ItemGroup>
  <ItemGroup>
    <CustomBuild Include="C:\Users\jakes\OneDrive\Desktop\RedoGames\year1_game\CMakeLists.txt" />
  </ItemGroup>
  <ItemGroup>
    <Filter Include="Source Files">
      <UniqueIdentifier>{EF8E2545-031C-3062-8F49-49C8B273AAAE}</UniqueIdentifier>
    </Filter>
  </ItemGroup>
</Project>
